
Microsoft Visual Studio Solution File, Format Version 12.00
# Visual Studio Version 17
VisualStudioVersion = 17.5.2.0
MinimumVisualStudioVersion = 10.0.40219.1
Project("{FAE04EC0-301F-11D3-BF4B-00C04F79EFBC}") = "Implementation", "Implementation\Implementation.csproj", "{47F4991D-03C9-73C2-A6B1-37726171E931}"
EndProject
Project("{2150E333-8FDC-42A3-9474-1A3956D46DE8}") = "Solution Files", "Solution Files", "{5DA1AAFD-C97B-9DA0-43CE-FF0997F98AA7}"
	ProjectSection(SolutionItems) = preProject
		.gitignore = .gitignore
		.env = .env
		README.md = README.md
		testoutput.md = testoutput.md
		fiveresult.md = fiveresult.md
		fifteenresult.md = fifteenresult.md
	EndProjectSection
EndProject
Project("{FAE04EC0-301F-11D3-BF4B-00C04F79EFBC}") = "Implementation.Tests", "Implementation.Tests\Implementation.Tests.csproj", "{8179FADD-033C-4948-8A72-0F9C07F72410}"
EndProject
Global
	GlobalSection(SolutionConfigurationPlatforms) = preSolution
		Debug|Any CPU = Debug|Any CPU
		Debug|x64 = Debug|x64
		Debug|x86 = Debug|x86
		Release|Any CPU = Release|Any CPU
		Release|x64 = Release|x64
		Release|x86 = Release|x86
	EndGlobalSection
	GlobalSection(ProjectConfigurationPlatforms) = postSolution
		{47F4991D-03C9-73C2-A6B1-37726171E931}.Debug|Any CPU.ActiveCfg = Debug|Any CPU
		{47F4991D-03C9-73C2-A6B1-37726171E931}.Debug|Any CPU.Build.0 = Debug|Any CPU
		{47F4991D-03C9-73C2-A6B1-37726171E931}.Debug|x64.ActiveCfg = Debug|Any CPU
		{47F4991D-03C9-73C2-A6B1-37726171E931}.Debug|x64.Build.0 = Debug|Any CPU
		{47F4991D-03C9-73C2-A6B1-37726171E931}.Debug|x86.ActiveCfg = Debug|Any CPU
		{47F4991D-03C9-73C2-A6B1-37726171E931}.Debug|x86.Build.0 = Debug|Any CPU
		{47F4991D-03C9-73C2-A6B1-37726171E931}.Release|Any CPU.ActiveCfg = Release|Any CPU
		{47F4991D-03C9-73C2-A6B1-37726171E931}.Release|Any CPU.Build.0 = Release|Any CPU
		{47F4991D-03C9-73C2-A6B1-37726171E931}.Release|x64.ActiveCfg = Release|Any CPU
		{47F4991D-03C9-73C2-A6B1-37726171E931}.Release|x64.Build.0 = Release|Any CPU
		{47F4991D-03C9-73C2-A6B1-37726171E931}.Release|x86.ActiveCfg = Release|Any CPU
		{47F4991D-03C9-73C2-A6B1-37726171E931}.Release|x86.Build.0 = Release|Any CPU
		{8179FADD-033C-4948-8A72-0F9C07F72410}.Debug|Any CPU.ActiveCfg = Debug|Any CPU
		{8179FADD-033C-4948-8A72-0F9C07F72410}.Debug|Any CPU.Build.0 = Debug|Any CPU
		{8179FADD-033C-4948-8A72-0F9C07F72410}.Debug|x64.ActiveCfg = Debug|Any CPU
		{8179FADD-033C-4948-8A72-0F9C07F72410}.Debug|x64.Build.0 = Debug|Any CPU
		{8179FADD-033C-4948-8A72-0F9C07F72410}.Debug|x86.ActiveCfg = Debug|Any CPU
		{8179FADD-033C-4948-8A72-0F9C07F72410}.Debug|x86.Build.0 = Debug|Any CPU
		{8179FADD-033C-4948-8A72-0F9C07F72410}.Release|Any CPU.ActiveCfg = Release|Any CPU
		{8179FADD-033C-4948-8A72-0F9C07F72410}.Release|Any CPU.Build.0 = Release|Any CPU
		{8179FADD-033C-4948-8A72-0F9C07F72410}.Release|x64.ActiveCfg = Release|Any CPU
		{8179FADD-033C-4948-8A72-0F9C07F72410}.Release|x64.Build.0 = Release|Any CPU
		{8179FADD-033C-4948-8A72-0F9C07F72410}.Release|x86.ActiveCfg = Release|Any CPU
		{8179FADD-033C-4948-8A72-0F9C07F72410}.Release|x86.Build.0 = Release|Any CPU
	EndGlobalSection
	GlobalSection(SolutionProperties) = preSolution
		HideSolutionNode = FALSE
	EndGlobalSection
	GlobalSection(ExtensibilityGlobals) = postSolution
		SolutionGuid = {72F6D8E7-0D67-4EC1-B504-083B8DA0930D}
	EndGlobalSection
EndGlobal
